
Microsoft Visual Studio Solution File, Format Version 12.00
# Visual Studio 2012
Project("{FAE04EC0-301F-11D3-BF4B-00C04F79EFBC}") = "TrafficAPI", "TrafficAPI\TrafficAPI.csproj", "{86B40EAF-842B-48DB-94AF-586C1B7CA0A2}"
EndProject
Global
	GlobalSection(SolutionConfigurationPlatforms) = preSolution
		Debug|Any CPU = Debug|Any CPU
		Release|Any CPU = Release|Any CPU
	EndGlobalSection
	GlobalSection(ProjectConfigurationPlatforms) = postSolution
		{86B40EAF-842B-48DB-94AF-586C1B7CA0A2}.Debug|Any CPU.ActiveCfg = Debug|Any CPU
		{86B40EAF-842B-48DB-94AF-586C1B7CA0A2}.Debug|Any CPU.Build.0 = Debug|Any CPU
		{86B40EAF-842B-48DB-94AF-586C1B7CA0A2}.Release|Any CPU.ActiveCfg = Release|Any CPU
		{86B40EAF-842B-48DB-94AF-586C1B7CA0A2}.Release|Any CPU.Build.0 = Release|Any CPU
	EndGlobalSection
	GlobalSection(SolutionProperties) = preSolution
		HideSolutionNode = FALSE
	EndGlobalSection
EndGlobal
